// !$*UTF8*$!
{
	archiveVersion = 1;
	classes = {
	};
	objectVersion = 56;
	objects = {

/* Begin PBXBuildFile section */
		952036EA2CB7678100F59E8D /* EssentialFeedAPIEndToEndTests.swift in Sources */ = {isa = PBXBuildFile; fileRef = 952036E92CB7678100F59E8D /* EssentialFeedAPIEndToEndTests.swift */; };
		952036EB2CB7678100F59E8D /* EssentialFeed.framework in Frameworks */ = {isa = PBXBuildFile; fileRef = 95BADB9B2C68165100B0D86B /* EssentialFeed.framework */; };
		952036F12CB7712600F59E8D /* XCTestCaseMemoryLeakTracking.swift in Sources */ = {isa = PBXBuildFile; fileRef = 95F58C1D2CB6144000BA8772 /* XCTestCaseMemoryLeakTracking.swift */; };
		9560BAAF2CB2E73200473693 /* HttpClient.swift in Sources */ = {isa = PBXBuildFile; fileRef = 9560BAAE2CB2E73200473693 /* HttpClient.swift */; };
		9560BAB12CB2E9FF00473693 /* FeedItemsMapper.swift in Sources */ = {isa = PBXBuildFile; fileRef = 9560BAB02CB2E9FF00473693 /* FeedItemsMapper.swift */; };
		9560BAB42CB4B94F00473693 /* URLSessionHTTPClientTests.swift in Sources */ = {isa = PBXBuildFile; fileRef = 9560BAB32CB4B94F00473693 /* URLSessionHTTPClientTests.swift */; };
		95BADBA42C68165100B0D86B /* EssentialFeed.framework in Frameworks */ = {isa = PBXBuildFile; fileRef = 95BADB9B2C68165100B0D86B /* EssentialFeed.framework */; };
		95BADBA92C68165100B0D86B /* RemoteFeedLoaderTests.swift in Sources */ = {isa = PBXBuildFile; fileRef = 95BADBA82C68165100B0D86B /* RemoteFeedLoaderTests.swift */; };
		95BADBB42C6816E000B0D86B /* FeedItem.swift in Sources */ = {isa = PBXBuildFile; fileRef = 95BADBB32C6816E000B0D86B /* FeedItem.swift */; };
		95BADBB62C6817E800B0D86B /* FeedLoader.swift in Sources */ = {isa = PBXBuildFile; fileRef = 95BADBB52C6817E800B0D86B /* FeedLoader.swift */; };
		95BADBBA2C692C3100B0D86B /* RemoteFeedLoader.swift in Sources */ = {isa = PBXBuildFile; fileRef = 95BADBB92C692C3100B0D86B /* RemoteFeedLoader.swift */; };
		95F58C1E2CB6144000BA8772 /* XCTestCaseMemoryLeakTracking.swift in Sources */ = {isa = PBXBuildFile; fileRef = 95F58C1D2CB6144000BA8772 /* XCTestCaseMemoryLeakTracking.swift */; };
		95F58C202CB627BF00BA8772 /* URLSessionHTTPCLient.swift in Sources */ = {isa = PBXBuildFile; fileRef = 95F58C1F2CB627BF00BA8772 /* URLSessionHTTPCLient.swift */; };
/* End PBXBuildFile section */

/* Begin PBXContainerItemProxy section */
		952036EC2CB7678100F59E8D /* PBXContainerItemProxy */ = {
			isa = PBXContainerItemProxy;
			containerPortal = 95BADB922C68165000B0D86B /* Project object */;
			proxyType = 1;
			remoteGlobalIDString = 95BADB9A2C68165100B0D86B;
			remoteInfo = EssentialFeed;
		};
		95BADBA52C68165100B0D86B /* PBXContainerItemProxy */ = {
			isa = PBXContainerItemProxy;
			containerPortal = 95BADB922C68165000B0D86B /* Project object */;
			proxyType = 1;
			remoteGlobalIDString = 95BADB9A2C68165100B0D86B;
			remoteInfo = EssentialFeed;
		};
/* End PBXContainerItemProxy section */

/* Begin PBXFileReference section */
		952036E72CB7678100F59E8D /* EssentialFeedAPIEndToEndTests.xctest */ = {isa = PBXFileReference; explicitFileType = wrapper.cfbundle; includeInIndex = 0; path = EssentialFeedAPIEndToEndTests.xctest; sourceTree = BUILT_PRODUCTS_DIR; };
		952036E92CB7678100F59E8D /* EssentialFeedAPIEndToEndTests.swift */ = {isa = PBXFileReference; lastKnownFileType = sourcecode.swift; path = EssentialFeedAPIEndToEndTests.swift; sourceTree = "<group>"; };
		9560BAAE2CB2E73200473693 /* HttpClient.swift */ = {isa = PBXFileReference; lastKnownFileType = sourcecode.swift; path = HttpClient.swift; sourceTree = "<group>"; };
		9560BAB02CB2E9FF00473693 /* FeedItemsMapper.swift */ = {isa = PBXFileReference; lastKnownFileType = sourcecode.swift; path = FeedItemsMapper.swift; sourceTree = "<group>"; };
		9560BAB32CB4B94F00473693 /* URLSessionHTTPClientTests.swift */ = {isa = PBXFileReference; lastKnownFileType = sourcecode.swift; path = URLSessionHTTPClientTests.swift; sourceTree = "<group>"; };
		956B0F0A2CB77E4300B61BC8 /* CI.xctestplan */ = {isa = PBXFileReference; lastKnownFileType = text; path = CI.xctestplan; sourceTree = "<group>"; };
		95BADB9B2C68165100B0D86B /* EssentialFeed.framework */ = {isa = PBXFileReference; explicitFileType = wrapper.framework; includeInIndex = 0; path = EssentialFeed.framework; sourceTree = BUILT_PRODUCTS_DIR; };
		95BADBA32C68165100B0D86B /* EssentialFeedTests.xctest */ = {isa = PBXFileReference; explicitFileType = wrapper.cfbundle; includeInIndex = 0; path = EssentialFeedTests.xctest; sourceTree = BUILT_PRODUCTS_DIR; };
		95BADBA82C68165100B0D86B /* RemoteFeedLoaderTests.swift */ = {isa = PBXFileReference; lastKnownFileType = sourcecode.swift; path = RemoteFeedLoaderTests.swift; sourceTree = "<group>"; };
		95BADBB32C6816E000B0D86B /* FeedItem.swift */ = {isa = PBXFileReference; lastKnownFileType = sourcecode.swift; path = FeedItem.swift; sourceTree = "<group>"; };
		95BADBB52C6817E800B0D86B /* FeedLoader.swift */ = {isa = PBXFileReference; lastKnownFileType = sourcecode.swift; path = FeedLoader.swift; sourceTree = "<group>"; };
		95BADBB92C692C3100B0D86B /* RemoteFeedLoader.swift */ = {isa = PBXFileReference; lastKnownFileType = sourcecode.swift; path = RemoteFeedLoader.swift; sourceTree = "<group>"; };
		95F58C1D2CB6144000BA8772 /* XCTestCaseMemoryLeakTracking.swift */ = {isa = PBXFileReference; lastKnownFileType = sourcecode.swift; path = XCTestCaseMemoryLeakTracking.swift; sourceTree = "<group>"; };
		95F58C1F2CB627BF00BA8772 /* URLSessionHTTPCLient.swift */ = {isa = PBXFileReference; lastKnownFileType = sourcecode.swift; path = URLSessionHTTPCLient.swift; sourceTree = "<group>"; };
/* End PBXFileReference section */

/* Begin PBXFrameworksBuildPhase section */
		952036E42CB7678100F59E8D /* Frameworks */ = {
			isa = PBXFrameworksBuildPhase;
			buildActionMask = 2147483647;
			files = (
				952036EB2CB7678100F59E8D /* EssentialFeed.framework in Frameworks */,
			);
			runOnlyForDeploymentPostprocessing = 0;
		};
		95BADB982C68165100B0D86B /* Frameworks */ = {
			isa = PBXFrameworksBuildPhase;
			buildActionMask = 2147483647;
			files = (
			);
			runOnlyForDeploymentPostprocessing = 0;
		};
		95BADBA02C68165100B0D86B /* Frameworks */ = {
			isa = PBXFrameworksBuildPhase;
			buildActionMask = 2147483647;
			files = (
				95BADBA42C68165100B0D86B /* EssentialFeed.framework in Frameworks */,
			);
			runOnlyForDeploymentPostprocessing = 0;
		};
/* End PBXFrameworksBuildPhase section */

/* Begin PBXGroup section */
		952036E82CB7678100F59E8D /* EssentialFeedAPIEndToEndTests */ = {
			isa = PBXGroup;
			children = (
				952036E92CB7678100F59E8D /* EssentialFeedAPIEndToEndTests.swift */,
			);
			path = EssentialFeedAPIEndToEndTests;
			sourceTree = "<group>";
		};
		9560BAB22CB2F3F300473693 /* FeedAPI */ = {
			isa = PBXGroup;
			children = (
				95BADBA82C68165100B0D86B /* RemoteFeedLoaderTests.swift */,
				9560BAB32CB4B94F00473693 /* URLSessionHTTPClientTests.swift */,
			);
			path = FeedAPI;
			sourceTree = "<group>";
		};
		95BADB912C68165000B0D86B = {
			isa = PBXGroup;
			children = (
				956B0F0A2CB77E4300B61BC8 /* CI.xctestplan */,
				95BADB9D2C68165100B0D86B /* EssentialFeed */,
				95BADBA72C68165100B0D86B /* EssentialFeedTests */,
				952036E82CB7678100F59E8D /* EssentialFeedAPIEndToEndTests */,
				95BADB9C2C68165100B0D86B /* Products */,
			);
			sourceTree = "<group>";
		};
		95BADB9C2C68165100B0D86B /* Products */ = {
			isa = PBXGroup;
			children = (
				95BADB9B2C68165100B0D86B /* EssentialFeed.framework */,
				95BADBA32C68165100B0D86B /* EssentialFeedTests.xctest */,
				952036E72CB7678100F59E8D /* EssentialFeedAPIEndToEndTests.xctest */,
			);
			name = Products;
			sourceTree = "<group>";
		};
		95BADB9D2C68165100B0D86B /* EssentialFeed */ = {
			isa = PBXGroup;
			children = (
				95BADBB82C692C2000B0D86B /* Feed API */,
				95BADBB72C681A9700B0D86B /* FeedFeature */,
			);
			path = EssentialFeed;
			sourceTree = "<group>";
		};
		95BADBA72C68165100B0D86B /* EssentialFeedTests */ = {
			isa = PBXGroup;
			children = (
				95F58C1C2CB6141B00BA8772 /* Helpers */,
				9560BAB22CB2F3F300473693 /* FeedAPI */,
			);
			path = EssentialFeedTests;
			sourceTree = "<group>";
		};
		95BADBB72C681A9700B0D86B /* FeedFeature */ = {
			isa = PBXGroup;
			children = (
				95BADBB52C6817E800B0D86B /* FeedLoader.swift */,
				95BADBB32C6816E000B0D86B /* FeedItem.swift */,
			);
			path = FeedFeature;
			sourceTree = "<group>";
		};
		95BADBB82C692C2000B0D86B /* Feed API */ = {
			isa = PBXGroup;
			children = (
				9560BAB02CB2E9FF00473693 /* FeedItemsMapper.swift */,
				9560BAAE2CB2E73200473693 /* HttpClient.swift */,
				95BADBB92C692C3100B0D86B /* RemoteFeedLoader.swift */,
				95F58C1F2CB627BF00BA8772 /* URLSessionHTTPCLient.swift */,
			);
			path = "Feed API";
			sourceTree = "<group>";
		};
		95F58C1C2CB6141B00BA8772 /* Helpers */ = {
			isa = PBXGroup;
			children = (
				95F58C1D2CB6144000BA8772 /* XCTestCaseMemoryLeakTracking.swift */,
			);
			path = Helpers;
			sourceTree = "<group>";
		};
/* End PBXGroup section */

/* Begin PBXHeadersBuildPhase section */
		95BADB962C68165100B0D86B /* Headers */ = {
			isa = PBXHeadersBuildPhase;
			buildActionMask = 2147483647;
			files = (
			);
			runOnlyForDeploymentPostprocessing = 0;
		};
/* End PBXHeadersBuildPhase section */

/* Begin PBXNativeTarget section */
		952036E62CB7678100F59E8D /* EssentialFeedAPIEndToEndTests */ = {
			isa = PBXNativeTarget;
			buildConfigurationList = 952036F02CB7678100F59E8D /* Build configuration list for PBXNativeTarget "EssentialFeedAPIEndToEndTests" */;
			buildPhases = (
				952036E32CB7678100F59E8D /* Sources */,
				952036E42CB7678100F59E8D /* Frameworks */,
				952036E52CB7678100F59E8D /* Resources */,
			);
			buildRules = (
			);
			dependencies = (
				952036ED2CB7678100F59E8D /* PBXTargetDependency */,
			);
			name = EssentialFeedAPIEndToEndTests;
			productName = EssentialFeedAPIEndToEndTests;
			productReference = 952036E72CB7678100F59E8D /* EssentialFeedAPIEndToEndTests.xctest */;
			productType = "com.apple.product-type.bundle.unit-test";
		};
		95BADB9A2C68165100B0D86B /* EssentialFeed */ = {
			isa = PBXNativeTarget;
			buildConfigurationList = 95BADBAD2C68165100B0D86B /* Build configuration list for PBXNativeTarget "EssentialFeed" */;
			buildPhases = (
				95BADB962C68165100B0D86B /* Headers */,
				95BADB972C68165100B0D86B /* Sources */,
				95BADB982C68165100B0D86B /* Frameworks */,
				95BADB992C68165100B0D86B /* Resources */,
			);
			buildRules = (
			);
			dependencies = (
			);
			name = EssentialFeed;
			productName = EssentialFeed;
			productReference = 95BADB9B2C68165100B0D86B /* EssentialFeed.framework */;
			productType = "com.apple.product-type.framework";
		};
		95BADBA22C68165100B0D86B /* EssentialFeedTests */ = {
			isa = PBXNativeTarget;
			buildConfigurationList = 95BADBB02C68165100B0D86B /* Build configuration list for PBXNativeTarget "EssentialFeedTests" */;
			buildPhases = (
				95BADB9F2C68165100B0D86B /* Sources */,
				95BADBA02C68165100B0D86B /* Frameworks */,
				95BADBA12C68165100B0D86B /* Resources */,
			);
			buildRules = (
			);
			dependencies = (
				95BADBA62C68165100B0D86B /* PBXTargetDependency */,
			);
			name = EssentialFeedTests;
			productName = EssentialFeedTests;
			productReference = 95BADBA32C68165100B0D86B /* EssentialFeedTests.xctest */;
			productType = "com.apple.product-type.bundle.unit-test";
		};
/* End PBXNativeTarget section */

/* Begin PBXProject section */
		95BADB922C68165000B0D86B /* Project object */ = {
			isa = PBXProject;
			attributes = {
				BuildIndependentTargetsInParallel = 1;
				LastSwiftUpdateCheck = 1530;
				LastUpgradeCheck = 1530;
				TargetAttributes = {
					952036E62CB7678100F59E8D = {
						CreatedOnToolsVersion = 15.3;
					};
					95BADB9A2C68165100B0D86B = {
						CreatedOnToolsVersion = 15.3;
						LastSwiftMigration = 1530;
					};
					95BADBA22C68165100B0D86B = {
						CreatedOnToolsVersion = 15.3;
					};
				};
			};
			buildConfigurationList = 95BADB952C68165000B0D86B /* Build configuration list for PBXProject "EssentialFeed" */;
			compatibilityVersion = "Xcode 14.0";
			developmentRegion = en;
			hasScannedForEncodings = 0;
			knownRegions = (
				en,
				Base,
			);
			mainGroup = 95BADB912C68165000B0D86B;
			productRefGroup = 95BADB9C2C68165100B0D86B /* Products */;
			projectDirPath = "";
			projectRoot = "";
			targets = (
				95BADB9A2C68165100B0D86B /* EssentialFeed */,
				95BADBA22C68165100B0D86B /* EssentialFeedTests */,
				952036E62CB7678100F59E8D /* EssentialFeedAPIEndToEndTests */,
			);
		};
/* End PBXProject section */

/* Begin PBXResourcesBuildPhase section */
		952036E52CB7678100F59E8D /* Resources */ = {
			isa = PBXResourcesBuildPhase;
			buildActionMask = 2147483647;
			files = (
			);
			runOnlyForDeploymentPostprocessing = 0;
		};
		95BADB992C68165100B0D86B /* Resources */ = {
			isa = PBXResourcesBuildPhase;
			buildActionMask = 2147483647;
			files = (
			);
			runOnlyForDeploymentPostprocessing = 0;
		};
		95BADBA12C68165100B0D86B /* Resources */ = {
			isa = PBXResourcesBuildPhase;
			buildActionMask = 2147483647;
			files = (
			);
			runOnlyForDeploymentPostprocessing = 0;
		};
/* End PBXResourcesBuildPhase section */

/* Begin PBXSourcesBuildPhase section */
		952036E32CB7678100F59E8D /* Sources */ = {
			isa = PBXSourcesBuildPhase;
			buildActionMask = 2147483647;
			files = (
				952036EA2CB7678100F59E8D /* EssentialFeedAPIEndToEndTests.swift in Sources */,
				952036F12CB7712600F59E8D /* XCTestCaseMemoryLeakTracking.swift in Sources */,
			);
			runOnlyForDeploymentPostprocessing = 0;
		};
		95BADB972C68165100B0D86B /* Sources */ = {
			isa = PBXSourcesBuildPhase;
			buildActionMask = 2147483647;
			files = (
				9560BAB12CB2E9FF00473693 /* FeedItemsMapper.swift in Sources */,
				95F58C202CB627BF00BA8772 /* URLSessionHTTPCLient.swift in Sources */,
				95BADBB62C6817E800B0D86B /* FeedLoader.swift in Sources */,
				95BADBBA2C692C3100B0D86B /* RemoteFeedLoader.swift in Sources */,
				9560BAAF2CB2E73200473693 /* HttpClient.swift in Sources */,
				95BADBB42C6816E000B0D86B /* FeedItem.swift in Sources */,
			);
			runOnlyForDeploymentPostprocessing = 0;
		};
		95BADB9F2C68165100B0D86B /* Sources */ = {
			isa = PBXSourcesBuildPhase;
			buildActionMask = 2147483647;
			files = (
				95BADBA92C68165100B0D86B /* RemoteFeedLoaderTests.swift in Sources */,
				9560BAB42CB4B94F00473693 /* URLSessionHTTPClientTests.swift in Sources */,
				95F58C1E2CB6144000BA8772 /* XCTestCaseMemoryLeakTracking.swift in Sources */,
			);
			runOnlyForDeploymentPostprocessing = 0;
		};
/* End PBXSourcesBuildPhase section */

/* Begin PBXTargetDependency section */
		952036ED2CB7678100F59E8D /* PBXTargetDependency */ = {
			isa = PBXTargetDependency;
			target = 95BADB9A2C68165100B0D86B /* EssentialFeed */;
			targetProxy = 952036EC2CB7678100F59E8D /* PBXContainerItemProxy */;
		};
		95BADBA62C68165100B0D86B /* PBXTargetDependency */ = {
			isa = PBXTargetDependency;
			target = 95BADB9A2C68165100B0D86B /* EssentialFeed */;
			targetProxy = 95BADBA52C68165100B0D86B /* PBXContainerItemProxy */;
		};
/* End PBXTargetDependency section */

/* Begin XCBuildConfiguration section */
		952036EE2CB7678100F59E8D /* Debug */ = {
			isa = XCBuildConfiguration;
			buildSettings = {
				CODE_SIGN_STYLE = Automatic;
				CURRENT_PROJECT_VERSION = 1;
				GENERATE_INFOPLIST_FILE = YES;
				MARKETING_VERSION = 1.0;
				PRODUCT_BUNDLE_IDENTIFIER = com.guilherme.developer.EssentialFeedAPIEndToEndTests;
				PRODUCT_NAME = "$(TARGET_NAME)";
				SWIFT_EMIT_LOC_STRINGS = NO;
				SWIFT_VERSION = 5.0;
			};
			name = Debug;
		};
		952036EF2CB7678100F59E8D /* Release */ = {
			isa = XCBuildConfiguration;
			buildSettings = {
				CODE_SIGN_STYLE = Automatic;
				CURRENT_PROJECT_VERSION = 1;
				GENERATE_INFOPLIST_FILE = YES;
				MARKETING_VERSION = 1.0;
				PRODUCT_BUNDLE_IDENTIFIER = com.guilherme.developer.EssentialFeedAPIEndToEndTests;
				PRODUCT_NAME = "$(TARGET_NAME)";
				SWIFT_EMIT_LOC_STRINGS = NO;
				SWIFT_VERSION = 5.0;
			};
			name = Release;
		};
		95BADBAB2C68165100B0D86B /* Debug */ = {
			isa = XCBuildConfiguration;
			buildSettings = {
				ALWAYS_SEARCH_USER_PATHS = NO;
				ASSETCATALOG_COMPILER_GENERATE_SWIFT_ASSET_SYMBOL_EXTENSIONS = YES;
				CLANG_ANALYZER_NONNULL = YES;
				CLANG_ANALYZER_NUMBER_OBJECT_CONVERSION = YES_AGGRESSIVE;
				CLANG_CXX_LANGUAGE_STANDARD = "gnu++20";
				CLANG_ENABLE_MODULES = YES;
				CLANG_ENABLE_OBJC_ARC = YES;
				CLANG_ENABLE_OBJC_WEAK = YES;
				CLANG_WARN_BLOCK_CAPTURE_AUTORELEASING = YES;
				CLANG_WARN_BOOL_CONVERSION = YES;
				CLANG_WARN_COMMA = YES;
				CLANG_WARN_CONSTANT_CONVERSION = YES;
				CLANG_WARN_DEPRECATED_OBJC_IMPLEMENTATIONS = YES;
				CLANG_WARN_DIRECT_OBJC_ISA_USAGE = YES_ERROR;
				CLANG_WARN_DOCUMENTATION_COMMENTS = YES;
				CLANG_WARN_EMPTY_BODY = YES;
				CLANG_WARN_ENUM_CONVERSION = YES;
				CLANG_WARN_INFINITE_RECURSION = YES;
				CLANG_WARN_INT_CONVERSION = YES;
				CLANG_WARN_NON_LITERAL_NULL_CONVERSION = YES;
				CLANG_WARN_OBJC_IMPLICIT_RETAIN_SELF = YES;
				CLANG_WARN_OBJC_LITERAL_CONVERSION = YES;
				CLANG_WARN_OBJC_ROOT_CLASS = YES_ERROR;
				CLANG_WARN_QUOTED_INCLUDE_IN_FRAMEWORK_HEADER = YES;
				CLANG_WARN_RANGE_LOOP_ANALYSIS = YES;
				CLANG_WARN_STRICT_PROTOTYPES = YES;
				CLANG_WARN_SUSPICIOUS_MOVE = YES;
				CLANG_WARN_UNGUARDED_AVAILABILITY = YES_AGGRESSIVE;
				CLANG_WARN_UNREACHABLE_CODE = YES;
				CLANG_WARN__DUPLICATE_METHOD_MATCH = YES;
				COPY_PHASE_STRIP = NO;
				CURRENT_PROJECT_VERSION = 1;
				DEBUG_INFORMATION_FORMAT = dwarf;
				ENABLE_STRICT_OBJC_MSGSEND = YES;
				ENABLE_TESTABILITY = YES;
				ENABLE_USER_SCRIPT_SANDBOXING = YES;
				GCC_C_LANGUAGE_STANDARD = gnu17;
				GCC_DYNAMIC_NO_PIC = NO;
				GCC_NO_COMMON_BLOCKS = YES;
				GCC_OPTIMIZATION_LEVEL = 0;
				GCC_PREPROCESSOR_DEFINITIONS = (
					"DEBUG=1",
					"$(inherited)",
				);
				GCC_WARN_64_TO_32_BIT_CONVERSION = YES;
				GCC_WARN_ABOUT_RETURN_TYPE = YES_ERROR;
				GCC_WARN_UNDECLARED_SELECTOR = YES;
				GCC_WARN_UNINITIALIZED_AUTOS = YES_AGGRESSIVE;
				GCC_WARN_UNUSED_FUNCTION = YES;
				GCC_WARN_UNUSED_VARIABLE = YES;
				LOCALIZATION_PREFERS_STRING_CATALOGS = YES;
				MACOSX_DEPLOYMENT_TARGET = 14.4;
				MTL_ENABLE_DEBUG_INFO = INCLUDE_SOURCE;
				MTL_FAST_MATH = YES;
				ONLY_ACTIVE_ARCH = YES;
				SDKROOT = macosx;
				SWIFT_ACTIVE_COMPILATION_CONDITIONS = "DEBUG $(inherited)";
				SWIFT_OPTIMIZATION_LEVEL = "-Onone";
				VERSIONING_SYSTEM = "apple-generic";
				VERSION_INFO_PREFIX = "";
			};
			name = Debug;
		};
		95BADBAC2C68165100B0D86B /* Release */ = {
			isa = XCBuildConfiguration;
			buildSettings = {
				ALWAYS_SEARCH_USER_PATHS = NO;
				ASSETCATALOG_COMPILER_GENERATE_SWIFT_ASSET_SYMBOL_EXTENSIONS = YES;
				CLANG_ANALYZER_NONNULL = YES;
				CLANG_ANALYZER_NUMBER_OBJECT_CONVERSION = YES_AGGRESSIVE;
				CLANG_CXX_LANGUAGE_STANDARD = "gnu++20";
				CLANG_ENABLE_MODULES = YES;
				CLANG_ENABLE_OBJC_ARC = YES;
				CLANG_ENABLE_OBJC_WEAK = YES;
				CLANG_WARN_BLOCK_CAPTURE_AUTORELEASING = YES;
				CLANG_WARN_BOOL_CONVERSION = YES;
				CLANG_WARN_COMMA = YES;
				CLANG_WARN_CONSTANT_CONVERSION = YES;
				CLANG_WARN_DEPRECATED_OBJC_IMPLEMENTATIONS = YES;
				CLANG_WARN_DIRECT_OBJC_ISA_USAGE = YES_ERROR;
				CLANG_WARN_DOCUMENTATION_COMMENTS = YES;
				CLANG_WARN_EMPTY_BODY = YES;
				CLANG_WARN_ENUM_CONVERSION = YES;
				CLANG_WARN_INFINITE_RECURSION = YES;
				CLANG_WARN_INT_CONVERSION = YES;
				CLANG_WARN_NON_LITERAL_NULL_CONVERSION = YES;
				CLANG_WARN_OBJC_IMPLICIT_RETAIN_SELF = YES;
				CLANG_WARN_OBJC_LITERAL_CONVERSION = YES;
				CLANG_WARN_OBJC_ROOT_CLASS = YES_ERROR;
				CLANG_WARN_QUOTED_INCLUDE_IN_FRAMEWORK_HEADER = YES;
				CLANG_WARN_RANGE_LOOP_ANALYSIS = YES;
				CLANG_WARN_STRICT_PROTOTYPES = YES;
				CLANG_WARN_SUSPICIOUS_MOVE = YES;
				CLANG_WARN_UNGUARDED_AVAILABILITY = YES_AGGRESSIVE;
				CLANG_WARN_UNREACHABLE_CODE = YES;
				CLANG_WARN__DUPLICATE_METHOD_MATCH = YES;
				COPY_PHASE_STRIP = NO;
				CURRENT_PROJECT_VERSION = 1;
				DEBUG_INFORMATION_FORMAT = "dwarf-with-dsym";
				ENABLE_NS_ASSERTIONS = NO;
				ENABLE_STRICT_OBJC_MSGSEND = YES;
				ENABLE_USER_SCRIPT_SANDBOXING = YES;
				GCC_C_LANGUAGE_STANDARD = gnu17;
				GCC_NO_COMMON_BLOCKS = YES;
				GCC_WARN_64_TO_32_BIT_CONVERSION = YES;
				GCC_WARN_ABOUT_RETURN_TYPE = YES_ERROR;
				GCC_WARN_UNDECLARED_SELECTOR = YES;
				GCC_WARN_UNINITIALIZED_AUTOS = YES_AGGRESSIVE;
				GCC_WARN_UNUSED_FUNCTION = YES;
				GCC_WARN_UNUSED_VARIABLE = YES;
				LOCALIZATION_PREFERS_STRING_CATALOGS = YES;
				MACOSX_DEPLOYMENT_TARGET = 14.4;
				MTL_ENABLE_DEBUG_INFO = NO;
				MTL_FAST_MATH = YES;
				SDKROOT = macosx;
				SWIFT_COMPILATION_MODE = wholemodule;
				VERSIONING_SYSTEM = "apple-generic";
				VERSION_INFO_PREFIX = "";
			};
			name = Release;
		};
		95BADBAE2C68165100B0D86B /* Debug */ = {
			isa = XCBuildConfiguration;
			buildSettings = {
				BUILD_LIBRARY_FOR_DISTRIBUTION = YES;
				CLANG_ENABLE_MODULES = YES;
				CODE_SIGN_STYLE = Automatic;
				COMBINE_HIDPI_IMAGES = YES;
				CURRENT_PROJECT_VERSION = 1;
				DEFINES_MODULE = YES;
				DYLIB_COMPATIBILITY_VERSION = 1;
				DYLIB_CURRENT_VERSION = 1;
				DYLIB_INSTALL_NAME_BASE = "@rpath";
				ENABLE_MODULE_VERIFIER = YES;
				GENERATE_INFOPLIST_FILE = YES;
				INFOPLIST_KEY_NSHumanReadableCopyright = "";
				INSTALL_PATH = "$(LOCAL_LIBRARY_DIR)/Frameworks";
				LD_RUNPATH_SEARCH_PATHS = (
					"$(inherited)",
					"@executable_path/../Frameworks",
					"@loader_path/Frameworks",
				);
				MARKETING_VERSION = 1.0;
				MODULE_VERIFIER_SUPPORTED_LANGUAGES = "objective-c objective-c++";
				MODULE_VERIFIER_SUPPORTED_LANGUAGE_STANDARDS = "gnu17 gnu++20";
				PRODUCT_BUNDLE_IDENTIFIER = com.guilherme.developer.EssentialFeed;
				PRODUCT_NAME = "$(TARGET_NAME:c99extidentifier)";
				SKIP_INSTALL = YES;
				SWIFT_EMIT_LOC_STRINGS = YES;
				SWIFT_INSTALL_OBJC_HEADER = NO;
				SWIFT_OPTIMIZATION_LEVEL = "-Onone";
				SWIFT_VERSION = 5.0;
			};
			name = Debug;
		};
		95BADBAF2C68165100B0D86B /* Release */ = {
			isa = XCBuildConfiguration;
			buildSettings = {
				BUILD_LIBRARY_FOR_DISTRIBUTION = YES;
				CLANG_ENABLE_MODULES = YES;
				CODE_SIGN_STYLE = Automatic;
				COMBINE_HIDPI_IMAGES = YES;
				CURRENT_PROJECT_VERSION = 1;
				DEFINES_MODULE = YES;
				DYLIB_COMPATIBILITY_VERSION = 1;
				DYLIB_CURRENT_VERSION = 1;
				DYLIB_INSTALL_NAME_BASE = "@rpath";
				ENABLE_MODULE_VERIFIER = YES;
				GENERATE_INFOPLIST_FILE = YES;
				INFOPLIST_KEY_NSHumanReadableCopyright = "";
				INSTALL_PATH = "$(LOCAL_LIBRARY_DIR)/Frameworks";
				LD_RUNPATH_SEARCH_PATHS = (
					"$(inherited)",
					"@executable_path/../Frameworks",
					"@loader_path/Frameworks",
				);
				MARKETING_VERSION = 1.0;
				MODULE_VERIFIER_SUPPORTED_LANGUAGES = "objective-c objective-c++";
				MODULE_VERIFIER_SUPPORTED_LANGUAGE_STANDARDS = "gnu17 gnu++20";
				PRODUCT_BUNDLE_IDENTIFIER = com.guilherme.developer.EssentialFeed;
				PRODUCT_NAME = "$(TARGET_NAME:c99extidentifier)";
				SKIP_INSTALL = YES;
				SWIFT_EMIT_LOC_STRINGS = YES;
				SWIFT_INSTALL_OBJC_HEADER = NO;
				SWIFT_VERSION = 5.0;
			};
			name = Release;
		};
		95BADBB12C68165100B0D86B /* Debug */ = {
			isa = XCBuildConfiguration;
			buildSettings = {
				ALWAYS_EMBED_SWIFT_STANDARD_LIBRARIES = YES;
				CODE_SIGN_STYLE = Automatic;
				CURRENT_PROJECT_VERSION = 1;
				GENERATE_INFOPLIST_FILE = YES;
				MARKETING_VERSION = 1.0;
				PRODUCT_BUNDLE_IDENTIFIER = com.guilherme.developer.EssentialFeedTests;
				PRODUCT_NAME = "$(TARGET_NAME)";
				SWIFT_EMIT_LOC_STRINGS = NO;
				SWIFT_VERSION = 5.0;
			};
			name = Debug;
		};
		95BADBB22C68165100B0D86B /* Release */ = {
			isa = XCBuildConfiguration;
			buildSettings = {
				ALWAYS_EMBED_SWIFT_STANDARD_LIBRARIES = YES;
				CODE_SIGN_STYLE = Automatic;
				CURRENT_PROJECT_VERSION = 1;
				GENERATE_INFOPLIST_FILE = YES;
				MARKETING_VERSION = 1.0;
				PRODUCT_BUNDLE_IDENTIFIER = com.guilherme.developer.EssentialFeedTests;
				PRODUCT_NAME = "$(TARGET_NAME)";
				SWIFT_EMIT_LOC_STRINGS = NO;
				SWIFT_VERSION = 5.0;
			};
			name = Release;
		};
/* End XCBuildConfiguration section */

/* Begin XCConfigurationList section */
		952036F02CB7678100F59E8D /* Build configuration list for PBXNativeTarget "EssentialFeedAPIEndToEndTests" */ = {
			isa = XCConfigurationList;
			buildConfigurations = (
				952036EE2CB7678100F59E8D /* Debug */,
				952036EF2CB7678100F59E8D /* Release */,
			);
			defaultConfigurationIsVisible = 0;
			defaultConfigurationName = Release;
		};
		95BADB952C68165000B0D86B /* Build configuration list for PBXProject "EssentialFeed" */ = {
			isa = XCConfigurationList;
			buildConfigurations = (
				95BADBAB2C68165100B0D86B /* Debug */,
				95BADBAC2C68165100B0D86B /* Release */,
			);
			defaultConfigurationIsVisible = 0;
			defaultConfigurationName = Release;
		};
		95BADBAD2C68165100B0D86B /* Build configuration list for PBXNativeTarget "EssentialFeed" */ = {
			isa = XCConfigurationList;
			buildConfigurations = (
				95BADBAE2C68165100B0D86B /* Debug */,
				95BADBAF2C68165100B0D86B /* Release */,
			);
			defaultConfigurationIsVisible = 0;
			defaultConfigurationName = Release;
		};
		95BADBB02C68165100B0D86B /* Build configuration list for PBXNativeTarget "EssentialFeedTests" */ = {
			isa = XCConfigurationList;
			buildConfigurations = (
				95BADBB12C68165100B0D86B /* Debug */,
				95BADBB22C68165100B0D86B /* Release */,
			);
			defaultConfigurationIsVisible = 0;
			defaultConfigurationName = Release;
		};
/* End XCConfigurationList section */
	};
	rootObject = 95BADB922C68165000B0D86B /* Project object */;
}
